
Microsoft Visual Studio Solution File, Format Version 12.00
# Visual Studio Version 16
VisualStudioVersion = 16.0.31025.194
MinimumVisualStudioVersion = 10.0.40219.1
Project("{9A19103F-16F7-4668-BE54-9A1E7A4F7556}") = "Service.Server", "Service.Server.csproj", "{9BA7FD7C-7CEB-415C-8A2F-7DC3FEB1BB57}"
EndProject
Project("{9A19103F-16F7-4668-BE54-9A1E7A4F7556}") = "Core", "..\Service.Core\Core.csproj", "{9E84734D-078A-46EA-92CD-2468E7E554AA}"
EndProject
Project("{9A19103F-16F7-4668-BE54-9A1E7A4F7556}") = "Domain", "..\Domain\Domain.csproj", "{F3756DAF-2CE5-4FD2-86FC-BF7207FC1130}"
EndProject
Project("{9A19103F-16F7-4668-BE54-9A1E7A4F7556}") = "Dtos", "..\Dtos\Dtos.csproj", "{C9250AD4-22E5-488D-A7F4-E31C3351D9EF}"
EndProject
Project("{9A19103F-16F7-4668-BE54-9A1E7A4F7556}") = "Infrastructure", "..\Infrastructure\Infrastructure.csproj", "{41F4052D-9D93-463A-90C1-8FC391EE76C5}"
EndProject
Project("{9A19103F-16F7-4668-BE54-9A1E7A4F7556}") = "Client", "..\Client\Client.csproj", "{BDEE2C6F-7D31-4452-AA3F-C3ADF24D0919}"
EndProject
Project("{9A19103F-16F7-4668-BE54-9A1E7A4F7556}") = "Client.Services", "..\Client.Services\Client.Services.csproj", "{A947A675-C78F-46DE-86CA-C0562EB0C659}"
EndProject
Global
	GlobalSection(SolutionConfigurationPlatforms) = preSolution
		Debug|Any CPU = Debug|Any CPU
		Release|Any CPU = Release|Any CPU
	EndGlobalSection
	GlobalSection(ProjectConfigurationPlatforms) = postSolution
		{9BA7FD7C-7CEB-415C-8A2F-7DC3FEB1BB57}.Debug|Any CPU.ActiveCfg = Debug|Any CPU
		{9BA7FD7C-7CEB-415C-8A2F-7DC3FEB1BB57}.Debug|Any CPU.Build.0 = Debug|Any CPU
		{9BA7FD7C-7CEB-415C-8A2F-7DC3FEB1BB57}.Release|Any CPU.ActiveCfg = Release|Any CPU
		{9BA7FD7C-7CEB-415C-8A2F-7DC3FEB1BB57}.Release|Any CPU.Build.0 = Release|Any CPU
		{9E84734D-078A-46EA-92CD-2468E7E554AA}.Debug|Any CPU.ActiveCfg = Debug|Any CPU
		{9E84734D-078A-46EA-92CD-2468E7E554AA}.Debug|Any CPU.Build.0 = Debug|Any CPU
		{9E84734D-078A-46EA-92CD-2468E7E554AA}.Release|Any CPU.ActiveCfg = Release|Any CPU
		{9E84734D-078A-46EA-92CD-2468E7E554AA}.Release|Any CPU.Build.0 = Release|Any CPU
		{F3756DAF-2CE5-4FD2-86FC-BF7207FC1130}.Debug|Any CPU.ActiveCfg = Debug|Any CPU
		{F3756DAF-2CE5-4FD2-86FC-BF7207FC1130}.Debug|Any CPU.Build.0 = Debug|Any CPU
		{F3756DAF-2CE5-4FD2-86FC-BF7207FC1130}.Release|Any CPU.ActiveCfg = Release|Any CPU
		{F3756DAF-2CE5-4FD2-86FC-BF7207FC1130}.Release|Any CPU.Build.0 = Release|Any CPU
		{C9250AD4-22E5-488D-A7F4-E31C3351D9EF}.Debug|Any CPU.ActiveCfg = Debug|Any CPU
		{C9250AD4-22E5-488D-A7F4-E31C3351D9EF}.Debug|Any CPU.Build.0 = Debug|Any CPU
		{C9250AD4-22E5-488D-A7F4-E31C3351D9EF}.Release|Any CPU.ActiveCfg = Release|Any CPU
		{C9250AD4-22E5-488D-A7F4-E31C3351D9EF}.Release|Any CPU.Build.0 = Release|Any CPU
		{41F4052D-9D93-463A-90C1-8FC391EE76C5}.Debug|Any CPU.ActiveCfg = Debug|Any CPU
		{41F4052D-9D93-463A-90C1-8FC391EE76C5}.Debug|Any CPU.Build.0 = Debug|Any CPU
		{41F4052D-9D93-463A-90C1-8FC391EE76C5}.Release|Any CPU.ActiveCfg = Release|Any CPU
		{41F4052D-9D93-463A-90C1-8FC391EE76C5}.Release|Any CPU.Build.0 = Release|Any CPU
		{BDEE2C6F-7D31-4452-AA3F-C3ADF24D0919}.Debug|Any CPU.ActiveCfg = Debug|Any CPU
		{BDEE2C6F-7D31-4452-AA3F-C3ADF24D0919}.Debug|Any CPU.Build.0 = Debug|Any CPU
		{BDEE2C6F-7D31-4452-AA3F-C3ADF24D0919}.Release|Any CPU.ActiveCfg = Release|Any CPU
		{BDEE2C6F-7D31-4452-AA3F-C3ADF24D0919}.Release|Any CPU.Build.0 = Release|Any CPU
		{A947A675-C78F-46DE-86CA-C0562EB0C659}.Debug|Any CPU.ActiveCfg = Debug|Any CPU
		{A947A675-C78F-46DE-86CA-C0562EB0C659}.Debug|Any CPU.Build.0 = Debug|Any CPU
		{A947A675-C78F-46DE-86CA-C0562EB0C659}.Release|Any CPU.ActiveCfg = Release|Any CPU
		{A947A675-C78F-46DE-86CA-C0562EB0C659}.Release|Any CPU.Build.0 = Release|Any CPU
	EndGlobalSection
	GlobalSection(SolutionProperties) = preSolution
		HideSolutionNode = FALSE
	EndGlobalSection
	GlobalSection(ExtensibilityGlobals) = postSolution
		SolutionGuid = {45487896-739E-495A-AC2E-1D38B6B9C341}
	EndGlobalSection
EndGlobal
